
Microsoft Visual Studio Solution File, Format Version 12.00
# Visual Studio 15
VisualStudioVersion = 15.0.27130.2020
MinimumVisualStudioVersion = 10.0.40219.1
Project("{FAE04EC0-301F-11D3-BF4B-00C04F79EFBC}") = "Video Poker", "Video Poker\Video Poker.csproj", "{688CBE76-A8EB-4BFE-9CCF-4666040733CF}"
EndProject
Global
	GlobalSection(SolutionConfigurationPlatforms) = preSolution
		Debug|Any CPU = Debug|Any CPU
		Release|Any CPU = Release|Any CPU
	EndGlobalSection
	GlobalSection(ProjectConfigurationPlatforms) = postSolution
		{688CBE76-A8EB-4BFE-9CCF-4666040733CF}.Debug|Any CPU.ActiveCfg = Debug|Any CPU
		{688CBE76-A8EB-4BFE-9CCF-4666040733CF}.Debug|Any CPU.Build.0 = Debug|Any CPU
		{688CBE76-A8EB-4BFE-9CCF-4666040733CF}.Release|Any CPU.ActiveCfg = Release|Any CPU
		{688CBE76-A8EB-4BFE-9CCF-4666040733CF}.Release|Any CPU.Build.0 = Release|Any CPU
	EndGlobalSection
	GlobalSection(SolutionProperties) = preSolution
		HideSolutionNode = FALSE
	EndGlobalSection
	GlobalSection(ExtensibilityGlobals) = postSolution
		SolutionGuid = {4E7DA02B-A807-431D-B81B-7B447F417188}
	EndGlobalSection
EndGlobal
